
Microsoft Visual Studio Solution File, Format Version 11.00
# Visual Studio 2010
Project("{FAE04EC0-301F-11D3-BF4B-00C04F79EFBC}") = "Shader入门精要", "Assembly-CSharp.csproj", "{E0993BB3-DF86-E86B-D982-98ECFD45E1B0}"
EndProject
Project("{FAE04EC0-301F-11D3-BF4B-00C04F79EFBC}") = "Shader入门精要", "Assembly-CSharp-Editor.csproj", "{E907F461-D754-D818-032C-B8A8B9EE4160}"
EndProject
Global
	GlobalSection(SolutionConfigurationPlatforms) = preSolution
		Debug|Any CPU = Debug|Any CPU
		Release|Any CPU = Release|Any CPU
	EndGlobalSection
	GlobalSection(ProjectConfigurationPlatforms) = postSolution
		{E0993BB3-DF86-E86B-D982-98ECFD45E1B0}.Debug|Any CPU.ActiveCfg = Debug|Any CPU
		{E0993BB3-DF86-E86B-D982-98ECFD45E1B0}.Debug|Any CPU.Build.0 = Debug|Any CPU
		{E0993BB3-DF86-E86B-D982-98ECFD45E1B0}.Release|Any CPU.ActiveCfg = Release|Any CPU
		{E0993BB3-DF86-E86B-D982-98ECFD45E1B0}.Release|Any CPU.Build.0 = Release|Any CPU
		{E907F461-D754-D818-032C-B8A8B9EE4160}.Debug|Any CPU.ActiveCfg = Debug|Any CPU
		{E907F461-D754-D818-032C-B8A8B9EE4160}.Debug|Any CPU.Build.0 = Debug|Any CPU
		{E907F461-D754-D818-032C-B8A8B9EE4160}.Release|Any CPU.ActiveCfg = Release|Any CPU
		{E907F461-D754-D818-032C-B8A8B9EE4160}.Release|Any CPU.Build.0 = Release|Any CPU
	EndGlobalSection
	GlobalSection(SolutionProperties) = preSolution
		HideSolutionNode = FALSE
	EndGlobalSection
	GlobalSection(MonoDevelopProperties) = preSolution
		StartupItem = Assembly-CSharp.csproj
	EndGlobalSection
EndGlobal
